
Microsoft Visual Studio Solution File, Format Version 12.00
# Visual Studio Version 17
VisualStudioVersion = 17.13.35931.197
MinimumVisualStudioVersion = 10.0.40219.1
Project("{FAE04EC0-301F-11D3-BF4B-00C04F79EFBC}") = "Console_Text_RPG_Team", "Console_Text_RPG_Team\Console_Text_RPG_Team.csproj", "{F3A4D414-F811-485A-86E9-C58E8D545384}"
EndProject
Global
	GlobalSection(SolutionConfigurationPlatforms) = preSolution
		Debug|Any CPU = Debug|Any CPU
		Release|Any CPU = Release|Any CPU
	EndGlobalSection
	GlobalSection(ProjectConfigurationPlatforms) = postSolution
		{F3A4D414-F811-485A-86E9-C58E8D545384}.Debug|Any CPU.ActiveCfg = Debug|Any CPU
		{F3A4D414-F811-485A-86E9-C58E8D545384}.Debug|Any CPU.Build.0 = Debug|Any CPU
		{F3A4D414-F811-485A-86E9-C58E8D545384}.Release|Any CPU.ActiveCfg = Release|Any CPU
		{F3A4D414-F811-485A-86E9-C58E8D545384}.Release|Any CPU.Build.0 = Release|Any CPU
	EndGlobalSection
	GlobalSection(SolutionProperties) = preSolution
		HideSolutionNode = FALSE
	EndGlobalSection
	GlobalSection(ExtensibilityGlobals) = postSolution
		SolutionGuid = {0A3D5BE3-D760-444A-B1EE-1F882285C932}
	EndGlobalSection
EndGlobal
